
Microsoft Visual Studio Solution File, Format Version 12.00
# Visual Studio Version 16
VisualStudioVersion = 16.0.31727.386
MinimumVisualStudioVersion = 10.0.40219.1
Project("{FAE04EC0-301F-11D3-BF4B-00C04F79EFBC}") = "RentalKendaraan", "RentalKendaraan\RentalKendaraan.csproj", "{CA8FF39D-7C86-4F34-9BBD-0651CDE32C58}"
EndProject
Global
	GlobalSection(SolutionConfigurationPlatforms) = preSolution
		Debug|Any CPU = Debug|Any CPU
		Release|Any CPU = Release|Any CPU
	EndGlobalSection
	GlobalSection(ProjectConfigurationPlatforms) = postSolution
		{CA8FF39D-7C86-4F34-9BBD-0651CDE32C58}.Debug|Any CPU.ActiveCfg = Debug|Any CPU
		{CA8FF39D-7C86-4F34-9BBD-0651CDE32C58}.Debug|Any CPU.Build.0 = Debug|Any CPU
		{CA8FF39D-7C86-4F34-9BBD-0651CDE32C58}.Release|Any CPU.ActiveCfg = Release|Any CPU
		{CA8FF39D-7C86-4F34-9BBD-0651CDE32C58}.Release|Any CPU.Build.0 = Release|Any CPU
	EndGlobalSection
	GlobalSection(SolutionProperties) = preSolution
		HideSolutionNode = FALSE
	EndGlobalSection
	GlobalSection(ExtensibilityGlobals) = postSolution
		SolutionGuid = {B8634C13-47A6-47B2-84C3-3D1613E3FF85}
	EndGlobalSection
EndGlobal
